{
  "nodes": {
    "_1password-shell-plugins": {
      "inputs": {
        "nixpkgs": "nixpkgs",
        "systems": "systems"
      },
      "locked": {
        "lastModified": 1787584551,
        "narHash": "sha256-UuGRb/9tvnbWn741zEnf1hmobi12phCHQU07BxXMQ5M=",
        "owner": "1Password",
        "repo": "shell-plugins",
        "rev": "d336dee9787d7dd601b447ac8fbfc47cb5d3943a",
        "type": "github"
      },
      "original": {
        "owner": "1Password",
        "repo": "shell-plugins",
        "type": "github"
      }
    },
    "affinity-nix": {
      "inputs": {
        "corefonts": "corefonts",
        "crane": "crane",
        "elemental-wine-source": "elemental-wine-source",
        "fenix": "fenix",
        "flake-compat": "flake-compat",
        "flake-parts": "flake-parts",
        "git-hooks": "git-hooks",
        "nixpkgs": [
          "nixpkgs"
        ],
        "nixpkgs-wine": "nixpkgs-wine",
        "on-linux": "on-linux",
        "plugin-loader-src": "plugin-loader-src",
        "plugin-loader-v030-src": "plugin-loader-v030-src",
        "treefmt-nix": "treefmt-nix"
      },
      "locked": {
        "lastModified": 1779173089,
        "narHash": "sha256-8qLCscHc610hdGAcYDzSd4JsrIOHkyB4IdGx/Eci7Co=",
        "owner": "Meo98",
        "repo": "affinity-nix-fork",
        "rev": "c479a02a4c68829a856ce6968a81f3d168994495",
        "type": "github"
      },
      "original": {
        "owner": "Meo98",
        "repo": "affinity-nix-fork",
        "type": "github"
      }
    },
    "agenix": {
      "inputs": {
        "darwin": "darwin",
        "home-manager": "home-manager",
        "nixpkgs": [
          "nixpkgs"
        ],
        "systems": "systems_2"
      },
      "locked": {
        "lastModified": 1770165109,
        "narHash": "sha256-9VnK6Oqai65puVJ4WYtCTvlJeXxMzAp/69HhQuTdl/I=",
        "owner": "ryantm",
        "repo": "agenix",
        "rev": "b027ee29d959fda4b60b57566d64c98a202e0feb",
        "type": "github"
      },
      "original": {
        "owner": "ryantm",
        "repo": "agenix",
        "type": "github"
      }
    },
    "awww": {
      "inputs": {
        "flake-compat": "flake-compat_3",
        "nixpkgs": [
          "nixpkgs"
        ],
        "rust-overlay": "rust-overlay"
      },
      "locked": {
        "lastModified": 1784030954,
        "narHash": "sha256-MPMVSBhSEl+ShSrWVN5qH3FiX2gg8LbYA8L3nuQw5VE=",
        "ref": "refs/heads/main",
        "rev": "25ea4fd7a42359379da9ddadedda1c477caa4ae0",
        "revCount": 1376,
        "type": "git",
        "url": "https://codeberg.org/LGFae/awww"
      },
      "original": {
        "type": "git",
        "url": "https://codeberg.org/LGFae/awww"
      }
    },
    "corefonts": {
      "flake": false,
      "locked": {
        "lastModified": 1431183738,
        "narHash": "sha256-610Km9GCtYWxi2SH5jH/XYPXc5f58q5lB05/5XxO/qM=",
        "owner": "pushcx",
        "repo": "corefonts",
        "rev": "8f8627b0004b5f1b952c09cf6390e4ae46475e59",
        "type": "github"
      },
      "original": {
        "owner": "pushcx",
        "repo": "corefonts",
        "type": "github"
      }
    },
    "crane": {
      "locked": {
        "lastModified": 1778106249,
        "narHash": "sha256-cM/AuKy5tMhwOOQIbha8ZRRMHVfNf7cv2aljIw+qoCg=",
        "owner": "ipetkov",
        "repo": "crane",
        "rev": "6d015ea29630b7ad2402841386da2cb617a470a7",
        "type": "github"
      },
      "original": {
        "owner": "ipetkov",
        "repo": "crane",
        "type": "github"
      }
    },
    "crane_2": {
      "locked": {
        "lastModified": 1787326676,
        "narHash": "sha256-lWhBbBvC05/xwivKBBiM2YNizpmgqCgyOIzomvRuwxs=",
        "owner": "ipetkov",
        "repo": "crane",
        "rev": "692f7e9ef2ece8125b466f66f2af532b3edaed0d",
        "type": "github"
      },
      "original": {
        "owner": "ipetkov",
        "repo": "crane",
        "type": "github"
      }
    },
    "darwin": {
      "inputs": {
        "nixpkgs": [
          "agenix",
          "nixpkgs"
        ]
      },
      "locked": {
        "lastModified": 1744478979,
        "narHash": "sha256-dyN+teG9G82G+m+PX/aSAagkC+vUv0SgUw3XkPhQodQ=",
        "owner": "lnl7",
        "repo": "nix-darwin",
        "rev": "43975d782b418ebf4969e9ccba82466728c2851b",
        "type": "github"
      },
      "original": {
        "owner": "lnl7",
        "ref": "master",
        "repo": "nix-darwin",
        "type": "github"
      }
    },
    "dotfiles": {
      "flake": false,
      "locked": {
        "lastModified": 1787688083,
        "narHash": "sha256-xtDtPRsgdVzTSYmc148mynMyfT2vOiJtPqEzRj8gK4Q=",
        "owner": "zealsprince",
        "repo": ".dotfiles",
        "rev": "00870b950ab7bfb3a08502594c77bfaba118ad70",
        "type": "github"
      },
      "original": {
        "owner": "zealsprince",
        "repo": ".dotfiles",
        "type": "github"
      }
    },
    "elemental-wine-source": {
      "flake": false,
      "locked": {
        "host": "gitlab.winehq.org",
        "lastModified": 1722747031,
        "narHash": "sha256-XVhz9p2kgFBoJ376vg8OaFXxcMEjAe9AK1hk0I1rb1Q=",
        "owner": "ElementalWarrior",
        "repo": "wine",
        "rev": "a7c9b19e1a26cf49c63a7c19189a3e2bbe2c6ac2",
        "type": "gitlab"
      },
      "original": {
        "host": "gitlab.winehq.org",
        "owner": "ElementalWarrior",
        "ref": "affinity-photo3-wine9.13-part3",
        "repo": "wine",
        "type": "gitlab"
      }
    },
    "fenix": {
      "inputs": {
        "nixpkgs": [
          "affinity-nix",
          "nixpkgs"
        ],
        "rust-analyzer-src": "rust-analyzer-src"
      },
      "locked": {
        "lastModified": 1777969788,
        "narHash": "sha256-8sr3w0KyQ0K7TEd8pYwYrxiDk0GZ4A7iIcl1lsxlzVM=",
        "owner": "nix-community",
        "repo": "fenix",
        "rev": "3abc2d5559f4dc30c710ab152abcb4cb60b561ba",
        "type": "github"
      },
      "original": {
        "owner": "nix-community",
        "repo": "fenix",
        "type": "github"
      }
    },
    "flake-compat": {
      "locked": {
        "lastModified": 1751685974,
        "narHash": "sha256-NKw96t+BgHIYzHUjkTK95FqYRVKB8DHpVhefWSz/kTw=",
        "rev": "549f2762aebeff29a2e5ece7a7dc0f955281a1d1",
        "type": "tarball",
        "url": "https://git.lix.systems/api/v1/repos/lix-project/flake-compat/archive/549f2762aebeff29a2e5ece7a7dc0f955281a1d1.tar.gz?rev=549f2762aebeff29a2e5ece7a7dc0f955281a1d1"
      },
      "original": {
        "type": "tarball",
        "url": "https://git.lix.systems/lix-project/flake-compat/archive/main.tar.gz"
      }
    },
    "flake-compat_2": {
      "flake": false,
      "locked": {
        "lastModified": 1767039857,
        "narHash": "sha256-vNpUSpF5Nuw8xvDLj2KCwwksIbjua2LZCqhV1LNRDns=",
        "owner": "NixOS",
        "repo": "flake-compat",
        "rev": "5edf11c44bc78a0d334f6334cdaf7d60d732daab",
        "type": "github"
      },
      "original": {
        "owner": "NixOS",
        "repo": "flake-compat",
        "type": "github"
      }
    },
    "flake-compat_3": {
      "flake": false,
      "locked": {
        "lastModified": 1761588595,
        "narHash": "sha256-XKUZz9zewJNUj46b4AJdiRZJAvSZ0Dqj2BNfXvFlJC4=",
        "owner": "edolstra",
        "repo": "flake-compat",
        "rev": "f387cd2afec9419c8ee37694406ca490c3f34ee5",
        "type": "github"
      },
      "original": {
        "owner": "edolstra",
        "repo": "flake-compat",
        "type": "github"
      }
    },
    "flake-compat_4": {
      "flake": false,
      "locked": {
        "lastModified": 1767039857,
        "narHash": "sha256-vNpUSpF5Nuw8xvDLj2KCwwksIbjua2LZCqhV1LNRDns=",
        "owner": "NixOS",
        "repo": "flake-compat",
        "rev": "5edf11c44bc78a0d334f6334cdaf7d60d732daab",
        "type": "github"
      },
      "original": {
        "owner": "NixOS",
        "repo": "flake-compat",
        "type": "github"
      }
    },
    "flake-parts": {
      "inputs": {
        "nixpkgs-lib": "nixpkgs-lib"
      },
      "locked": {
        "lastModified": 1777988971,
        "narHash": "sha256-qIoWPDs+0/8JecyYgE3gpKQxW/4bLW/gp45vow9ioCQ=",
        "owner": "hercules-ci",
        "repo": "flake-parts",
        "rev": "0678d8986be1661af6bb555f3489f2fdfc31f6ff",
        "type": "github"
      },
      "original": {
        "owner": "hercules-ci",
        "repo": "flake-parts",
        "type": "github"
      }
    },
    "flake-parts_2": {
      "inputs": {
        "nixpkgs-lib": [
          "nur",
          "nixpkgs"
        ]
      },
      "locked": {
        "lastModified": 1733312601,
        "narHash": "sha256-4pDvzqnegAfRkPwO3wmwBhVi/Sye1mzps0zHWYnP88c=",
        "owner": "hercules-ci",
        "repo": "flake-parts",
        "rev": "205b12d8b7cd4802fbcb8e8ef6a0f1408781a4f9",
        "type": "github"
      },
      "original": {
        "owner": "hercules-ci",
        "repo": "flake-parts",
        "type": "github"
      }
    },
    "git-hooks": {
      "inputs": {
        "flake-compat": "flake-compat_2",
        "gitignore": "gitignore",
        "nixpkgs": "nixpkgs_2"
      },
      "locked": {
        "lastModified": 1776796298,
        "narHash": "sha256-PcRvlWayisPSjd0UcRQbhG8Oqw78AcPE6x872cPRHN8=",
        "owner": "cachix",
        "repo": "git-hooks.nix",
        "rev": "3cfd774b0a530725a077e17354fbdb87ea1c4aad",
        "type": "github"
      },
      "original": {
        "owner": "cachix",
        "repo": "git-hooks.nix",
        "type": "github"
      }
    },
    "gitignore": {
      "inputs": {
        "nixpkgs": [
          "affinity-nix",
          "git-hooks",
          "nixpkgs"
        ]
      },
      "locked": {
        "lastModified": 1709087332,
        "narHash": "sha256-HG2cCnktfHsKV0s4XW83gU3F57gaTljL9KNSuG6bnQs=",
        "owner": "hercules-ci",
        "repo": "gitignore.nix",
        "rev": "637db329424fd7e46cf4185293b9cc8c88c95394",
        "type": "github"
      },
      "original": {
        "owner": "hercules-ci",
        "repo": "gitignore.nix",
        "type": "github"
      }
    },
    "home-manager": {
      "inputs": {
        "nixpkgs": [
          "agenix",
          "nixpkgs"
        ]
      },
      "locked": {
        "lastModified": 1745494811,
        "narHash": "sha256-YZCh2o9Ua1n9uCvrvi5pRxtuVNml8X2a03qIFfRKpFs=",
        "owner": "nix-community",
        "repo": "home-manager",
        "rev": "abfad3d2958c9e6300a883bd443512c55dfeb1be",
        "type": "github"
      },
      "original": {
        "owner": "nix-community",
        "repo": "home-manager",
        "type": "github"
      }
    },
    "home-manager_2": {
      "inputs": {
        "nixpkgs": [
          "nixpkgs"
        ]
      },
      "locked": {
        "lastModified": 1787377438,
        "narHash": "sha256-Sxu1NLTD/Ern6hFGLlZmtKCSct3YQXZI/lls8RE1XeM=",
        "owner": "nix-community",
        "repo": "home-manager",
        "rev": "65258d5c65a250189fde2e35f490d15e064c4c62",
        "type": "github"
      },
      "original": {
        "owner": "nix-community",
        "ref": "release-26.05",
        "repo": "home-manager",
        "type": "github"
      }
    },
    "hyprlands": {
      "flake": false,
      "locked": {
        "lastModified": 1769384240,
        "narHash": "sha256-n44WnH3IS7tTFDFsdziHu2NCO8ZUlarCEeLiME6c4Bw=",
        "owner": "zealsprince",
        "repo": "hyprlands",
        "rev": "eb69669e736e4c980024fdde58d42d3ee92c324d",
        "type": "github"
      },
      "original": {
        "owner": "zealsprince",
        "repo": "hyprlands",
        "type": "github"
      }
    },
    "kwin-effects-better-blur-dx": {
      "inputs": {
        "nixpkgs": [
          "nixpkgs"
        ],
        "utils": "utils"
      },
      "locked": {
        "lastModified": 1780081332,
        "narHash": "sha256-ETNcOG3e9Sn0tmZajkUwBm5ffrtL+ET5cswJEMqmklg=",
        "owner": "xarblu",
        "repo": "kwin-effects-better-blur-dx",
        "rev": "3175c1728ac855d54d7057de24508144bc42830b",
        "type": "github"
      },
      "original": {
        "owner": "xarblu",
        "repo": "kwin-effects-better-blur-dx",
        "rev": "3175c1728ac855d54d7057de24508144bc42830b",
        "type": "github"
      }
    },
    "lanzaboote": {
      "inputs": {
        "crane": "crane_2",
        "nixpkgs": "nixpkgs_4",
        "pre-commit": "pre-commit",
        "rust-overlay": "rust-overlay_2"
      },
      "locked": {
        "lastModified": 1787658383,
        "narHash": "sha256-I+zCjwAtkmgnet+08H+7HV8qJjf6BoFMYsX/8lMiW/s=",
        "owner": "nix-community",
        "repo": "lanzaboote",
        "rev": "69cf334f9dbc11213c6228c97e9b32924d51443f",
        "type": "github"
      },
      "original": {
        "owner": "nix-community",
        "repo": "lanzaboote",
        "type": "github"
      }
    },
    "mio19-nurpkgs": {
      "inputs": {
        "nixpkgs": [
          "nixpkgs"
        ]
      },
      "locked": {
        "lastModified": 1787692260,
        "narHash": "sha256-WiMqZmCsxJRm6w6VJGuzX1q80KkimsP03LSnInX3pS4=",
        "owner": "mio-19",
        "repo": "nurpkgs",
        "rev": "67dedceb7f895faafacae5a4080584db737572f8",
        "type": "github"
      },
      "original": {
        "owner": "mio-19",
        "repo": "nurpkgs",
        "type": "github"
      }
    },
    "neko-zed-dark": {
      "flake": false,
      "locked": {
        "lastModified": 1768544472,
        "narHash": "sha256-f3mAYCtSbTdAMt8YlxC1rOZNk46xQx4LAgIQQOu7hp8=",
        "owner": "zealsprince",
        "repo": "neko-zed-dark",
        "rev": "c6af28f7bb862a740681e3825cbf8b77a6d8be8e",
        "type": "github"
      },
      "original": {
        "owner": "zealsprince",
        "repo": "neko-zed-dark",
        "type": "github"
      }
    },
    "nixpkgs": {
      "locked": {
        "lastModified": 1781607440,
        "narHash": "sha256-rxO+uc/KFbSJp+pgyXRuAX6QlG9hJdnt0BXpEQRXY+U=",
        "owner": "NixOS",
        "repo": "nixpkgs",
        "rev": "3e41b24abd260e8f71dbe2f5737d24122f972158",
        "type": "github"
      },
      "original": {
        "owner": "NixOS",
        "ref": "nixpkgs-unstable",
        "repo": "nixpkgs",
        "type": "github"
      }
    },
    "nixpkgs-lib": {
      "locked": {
        "lastModified": 1777168982,
        "narHash": "sha256-GOkGPcboWE9BmGCRMLX3worL4EMnsnG8MyKmXNeYuhQ=",
        "owner": "nix-community",
        "repo": "nixpkgs.lib",
        "rev": "f5901329dade4a6ea039af1433fb087bd9c1fe14",
        "type": "github"
      },
      "original": {
        "owner": "nix-community",
        "repo": "nixpkgs.lib",
        "type": "github"
      }
    },
    "nixpkgs-ts3": {
      "locked": {
        "lastModified": 1782847189,
        "narHash": "sha256-twXPFqFsrrY5r28Zh7Homgcp2gUMBgQ6WDS98Q/3xFI=",
        "owner": "nixos",
        "repo": "nixpkgs",
        "rev": "b6018f87da91d19d0ab4cf979885689b469cdd41",
        "type": "github"
      },
      "original": {
        "owner": "nixos",
        "ref": "nixos-25.11",
        "repo": "nixpkgs",
        "type": "github"
      }
    },
    "nixpkgs-unstable": {
      "locked": {
        "lastModified": 1787498568,
        "narHash": "sha256-9i/VTdusq/+NM/tz+J1Re+ojkMB8MBf0QshnYfzHz30=",
        "owner": "nixos",
        "repo": "nixpkgs",
        "rev": "56c02bc00adcf003215cc4bd996d6efaf4cff188",
        "type": "github"
      },
      "original": {
        "owner": "nixos",
        "ref": "nixos-unstable",
        "repo": "nixpkgs",
        "type": "github"
      }
    },
    "nixpkgs-wine": {
      "locked": {
        "lastModified": 1735834308,
        "narHash": "sha256-dklw3AXr3OGO4/XT1Tu3Xz9n/we8GctZZ75ZWVqAVhk=",
        "owner": "nixos",
        "repo": "nixpkgs",
        "rev": "6df24922a1400241dae323af55f30e4318a6ca65",
        "type": "github"
      },
      "original": {
        "owner": "nixos",
        "repo": "nixpkgs",
        "rev": "6df24922a1400241dae323af55f30e4318a6ca65",
        "type": "github"
      }
    },
    "nixpkgs_2": {
      "locked": {
        "lastModified": 1770073757,
        "narHash": "sha256-Vy+G+F+3E/Tl+GMNgiHl9Pah2DgShmIUBJXmbiQPHbI=",
        "owner": "NixOS",
        "repo": "nixpkgs",
        "rev": "47472570b1e607482890801aeaf29bfb749884f6",
        "type": "github"
      },
      "original": {
        "owner": "NixOS",
        "ref": "nixpkgs-unstable",
        "repo": "nixpkgs",
        "type": "github"
      }
    },
    "nixpkgs_3": {
      "locked": {
        "lastModified": 1770107345,
        "narHash": "sha256-tbS0Ebx2PiA1FRW8mt8oejR0qMXmziJmPaU1d4kYY9g=",
        "owner": "nixos",
        "repo": "nixpkgs",
        "rev": "4533d9293756b63904b7238acb84ac8fe4c8c2c4",
        "type": "github"
      },
      "original": {
        "owner": "nixos",
        "ref": "nixpkgs-unstable",
        "repo": "nixpkgs",
        "type": "github"
      }
    },
    "nixpkgs_4": {
      "locked": {
        "lastModified": 1787360063,
        "narHash": "sha256-dt4WdcvsA8/RCe+VZZwqU0X+XMM3wBbGCWA0/sFWzGo=",
        "owner": "NixOS",
        "repo": "nixpkgs",
        "rev": "2c423e03bbafcff28bfadc6781a4a8257f205cb5",
        "type": "github"
      },
      "original": {
        "owner": "NixOS",
        "ref": "nixos-unstable",
        "repo": "nixpkgs",
        "type": "github"
      }
    },
    "nixpkgs_5": {
      "locked": {
        "lastModified": 1787640266,
        "narHash": "sha256-MrkfE5hF5xx4L/0h5NyJ3xQkKVftwSuKSkFSrvlTxGY=",
        "owner": "nixos",
        "repo": "nixpkgs",
        "rev": "f4f698677b11021a8f84f452e23ae9ef2427bec3",
        "type": "github"
      },
      "original": {
        "owner": "nixos",
        "ref": "nixos-26.05",
        "repo": "nixpkgs",
        "type": "github"
      }
    },
    "nur": {
      "inputs": {
        "flake-parts": "flake-parts_2",
        "nixpkgs": [
          "nixpkgs"
        ]
      },
      "locked": {
        "lastModified": 1787695503,
        "narHash": "sha256-ntoGPUFOI1Kw0/Xar/O7CkWvlvTcIdalzswthfwPz6s=",
        "owner": "nix-community",
        "repo": "NUR",
        "rev": "b1cb8706be1e94a9c1c37c638873c9878c0ceb0e",
        "type": "github"
      },
      "original": {
        "owner": "nix-community",
        "repo": "NUR",
        "type": "github"
      }
    },
    "on-linux": {
      "flake": false,
      "locked": {
        "lastModified": 1772699425,
        "narHash": "sha256-xhqkN2I5r+Ty2k8HEsLg5e8Eaazb0Qyioqjs87BQOnY=",
        "owner": "seapear",
        "repo": "AffinityOnLinux",
        "rev": "a0c4421946709c24c3f371fcbf15a45b814f188c",
        "type": "github"
      },
      "original": {
        "owner": "seapear",
        "repo": "AffinityOnLinux",
        "type": "github"
      }
    },
    "photogimp": {
      "flake": false,
      "locked": {
        "lastModified": 1786800697,
        "narHash": "sha256-PN+JnUIHAaC/iMM0x15IgECtl6VsrGAOnuIC8hat6Eo=",
        "owner": "Diolinux",
        "repo": "PhotoGIMP",
        "rev": "886adf6467ec41f3eabf66ada2275d8c8027f208",
        "type": "github"
      },
      "original": {
        "owner": "Diolinux",
        "repo": "PhotoGIMP",
        "type": "github"
      }
    },
    "plugin-loader-src": {
      "flake": false,
      "locked": {
        "lastModified": 1776972538,
        "narHash": "sha256-2EvrOYQCB2Z2YXhcPnjR67KoOCvwTVW3TfLcmU3//ak=",
        "owner": "noahc3",
        "repo": "AffinityPluginLoader",
        "rev": "1d7956d5b791bd6a213e8b28c1e25e1f4bcc6166",
        "type": "github"
      },
      "original": {
        "owner": "noahc3",
        "repo": "AffinityPluginLoader",
        "rev": "1d7956d5b791bd6a213e8b28c1e25e1f4bcc6166",
        "type": "github"
      }
    },
    "plugin-loader-v030-src": {
      "flake": false,
      "locked": {
        "lastModified": 1775508798,
        "narHash": "sha256-cD2G3M83wCEXVMMl9YoHMLxPIvbXeESgQTkXiM+lzns=",
        "owner": "noahc3",
        "repo": "AffinityPluginLoader",
        "rev": "bd93bbf9f84735d8ba6538596620bbe8d8b90efd",
        "type": "github"
      },
      "original": {
        "owner": "noahc3",
        "ref": "v0.3.0",
        "repo": "AffinityPluginLoader",
        "type": "github"
      }
    },
    "pre-commit": {
      "inputs": {
        "flake-compat": "flake-compat_4",
        "nixpkgs": [
          "lanzaboote",
          "nixpkgs"
        ]
      },
      "locked": {
        "lastModified": 1787424939,
        "narHash": "sha256-O2tBn84NNuHrnqNVxx/XqsXwfYvS1YwBh+7CBnbCYsk=",
        "owner": "cachix",
        "repo": "git-hooks.nix",
        "rev": "809414f0cdadf82cf11b06c2b29ba9b3168b3297",
        "type": "github"
      },
      "original": {
        "owner": "cachix",
        "repo": "git-hooks.nix",
        "type": "github"
      }
    },
    "root": {
      "inputs": {
        "_1password-shell-plugins": "_1password-shell-plugins",
        "affinity-nix": "affinity-nix",
        "agenix": "agenix",
        "awww": "awww",
        "dotfiles": "dotfiles",
        "home-manager": "home-manager_2",
        "hyprlands": "hyprlands",
        "kwin-effects-better-blur-dx": "kwin-effects-better-blur-dx",
        "lanzaboote": "lanzaboote",
        "mio19-nurpkgs": "mio19-nurpkgs",
        "neko-zed-dark": "neko-zed-dark",
        "nixpkgs": "nixpkgs_5",
        "nixpkgs-ts3": "nixpkgs-ts3",
        "nixpkgs-unstable": "nixpkgs-unstable",
        "nur": "nur",
        "photogimp": "photogimp",
        "rox": "rox",
        "streamrip-src": "streamrip-src",
        "upf": "upf",
        "zen-browser": "zen-browser"
      }
    },
    "rox": {
      "inputs": {
        "nixpkgs": [
          "nixpkgs-unstable"
        ]
      },
      "locked": {
        "lastModified": 1787697179,
        "narHash": "sha256-GE3IA6DlihcSt3+cn8UduyG7TIkRPTBUHkp5HFnkwJI=",
        "owner": "zealsprince",
        "repo": "rox",
        "rev": "c7e56d9ccfa85a7c0480e1c32d6acbe86b5e937a",
        "type": "github"
      },
      "original": {
        "owner": "zealsprince",
        "repo": "rox",
        "type": "github"
      }
    },
    "rust-analyzer-src": {
      "flake": false,
      "locked": {
        "lastModified": 1777924689,
        "narHash": "sha256-9Z0puLyCSYvtYhP1IZMxC05DSgwA+5rE99jsv1KErc4=",
        "owner": "rust-lang",
        "repo": "rust-analyzer",
        "rev": "91c7c2c4ca6a0520cfbf97e369e4fb7bf0b63b7a",
        "type": "github"
      },
      "original": {
        "owner": "rust-lang",
        "ref": "nightly",
        "repo": "rust-analyzer",
        "type": "github"
      }
    },
    "rust-overlay": {
      "inputs": {
        "nixpkgs": [
          "awww",
          "nixpkgs"
        ]
      },
      "locked": {
        "lastModified": 1764038373,
        "narHash": "sha256-M6w2wNBRelcavoDAyFL2iO4NeWknD40ASkH1S3C0YGM=",
        "owner": "oxalica",
        "repo": "rust-overlay",
        "rev": "ab3536fe850211a96673c6ffb2cb88aab8071cc9",
        "type": "github"
      },
      "original": {
        "owner": "oxalica",
        "repo": "rust-overlay",
        "type": "github"
      }
    },
    "rust-overlay_2": {
      "inputs": {
        "nixpkgs": [
          "lanzaboote",
          "nixpkgs"
        ]
      },
      "locked": {
        "lastModified": 1787454509,
        "narHash": "sha256-r4LDUF+zmJnkftvCVkCrUhSJazsf6EVJF+V2l4/MYbI=",
        "owner": "oxalica",
        "repo": "rust-overlay",
        "rev": "f60c1b57ff805a46b5175c76fc981fb4f81efbcc",
        "type": "github"
      },
      "original": {
        "owner": "oxalica",
        "repo": "rust-overlay",
        "type": "github"
      }
    },
    "streamrip-src": {
      "flake": false,
      "locked": {
        "lastModified": 1776744762,
        "narHash": "sha256-L29g53DPLb9F5bufs+Rp7EjEpz5Cp+G+paSWIH6wJP4=",
        "owner": "nathom",
        "repo": "streamrip",
        "rev": "e3291615ba6be34aa76df19da8aeb6f41673c6a0",
        "type": "github"
      },
      "original": {
        "owner": "nathom",
        "ref": "dev",
        "repo": "streamrip",
        "type": "github"
      }
    },
    "systems": {
      "locked": {
        "lastModified": 1681028828,
        "narHash": "sha256-Vy1rq5AaRuLzOxct8nz4T6wlgyUR7zLU309k9mBC768=",
        "owner": "nix-systems",
        "repo": "default",
        "rev": "da67096a3b9bf56a91d16901293e51ba5b49a27e",
        "type": "github"
      },
      "original": {
        "owner": "nix-systems",
        "repo": "default",
        "type": "github"
      }
    },
    "systems_2": {
      "locked": {
        "lastModified": 1681028828,
        "narHash": "sha256-Vy1rq5AaRuLzOxct8nz4T6wlgyUR7zLU309k9mBC768=",
        "owner": "nix-systems",
        "repo": "default",
        "rev": "da67096a3b9bf56a91d16901293e51ba5b49a27e",
        "type": "github"
      },
      "original": {
        "owner": "nix-systems",
        "repo": "default",
        "type": "github"
      }
    },
    "systems_3": {
      "locked": {
        "lastModified": 1681028828,
        "narHash": "sha256-Vy1rq5AaRuLzOxct8nz4T6wlgyUR7zLU309k9mBC768=",
        "owner": "nix-systems",
        "repo": "default",
        "rev": "da67096a3b9bf56a91d16901293e51ba5b49a27e",
        "type": "github"
      },
      "original": {
        "owner": "nix-systems",
        "repo": "default",
        "type": "github"
      }
    },
    "treefmt-nix": {
      "inputs": {
        "nixpkgs": "nixpkgs_3"
      },
      "locked": {
        "lastModified": 1775636079,
        "narHash": "sha256-pc20NRoMdiar8oPQceQT47UUZMBTiMdUuWrYu2obUP0=",
        "owner": "numtide",
        "repo": "treefmt-nix",
        "rev": "790751ff7fd3801feeaf96d7dc416a8d581265ba",
        "type": "github"
      },
      "original": {
        "owner": "numtide",
        "repo": "treefmt-nix",
        "type": "github"
      }
    },
    "upf": {
      "inputs": {
        "nixpkgs": [
          "nixpkgs"
        ]
      },
      "locked": {
        "lastModified": 1773682337,
        "narHash": "sha256-p4g2U1rS2vinXPcHHc0OBmVRKEm1VJVRVmy4DBUYGXE=",
        "owner": "Jokler",
        "repo": "upf",
        "rev": "81a6a6e9131983713334be7c5ceb12861e3ff080",
        "type": "github"
      },
      "original": {
        "owner": "Jokler",
        "repo": "upf",
        "type": "github"
      }
    },
    "utils": {
      "inputs": {
        "systems": "systems_3"
      },
      "locked": {
        "lastModified": 1726560853,
        "narHash": "sha256-X6rJYSESBVr3hBoH0WbKE5KvhPU5bloyZ2L4K60/fPQ=",
        "owner": "numtide",
        "repo": "flake-utils",
        "rev": "c1dfcf08411b08f6b8615f7d8971a2bfa81d5e8a",
        "type": "github"
      },
      "original": {
        "owner": "numtide",
        "repo": "flake-utils",
        "type": "github"
      }
    },
    "zen-browser": {
      "inputs": {
        "nixpkgs": [
          "nixpkgs"
        ]
      },
      "locked": {
        "lastModified": 1787200418,
        "narHash": "sha256-4d24Wa/CO8WsSEjKwzFwJXn+oxbI4Bm8xuMR77xJgYI=",
        "owner": "youwen5",
        "repo": "zen-browser-flake",
        "rev": "20195bc99e82b02abe82bb81ac366ae81c67dc5a",
        "type": "github"
      },
      "original": {
        "owner": "youwen5",
        "repo": "zen-browser-flake",
        "type": "github"
      }
    }
  },
  "root": "root",
  "version": 7
}
